// !$*UTF8*$!
{
	archiveVersion = 1;
	classes = {
	};
	objectVersion = 46;
	objects = {

/* Begin PBXBuildFile section */
		520FC0241EE40CFD00BFA961 /* AppDelegate.swift in Sources */ = {isa = PBXBuildFile; fileRef = 520FC0231EE40CFD00BFA961 /* AppDelegate.swift */; };
		520FC0261EE40CFD00BFA961 /* ViewController.swift in Sources */ = {isa = PBXBuildFile; fileRef = 520FC0251EE40CFD00BFA961 /* ViewController.swift */; };
		520FC0291EE40CFD00BFA961 /* Main.storyboard in Resources */ = {isa = PBXBuildFile; fileRef = 520FC0271EE40CFD00BFA961 /* Main.storyboard */; };
		520FC02C1EE40CFD00BFA961 /* MyPokeDex.xcdatamodeld in Sources */ = {isa = PBXBuildFile; fileRef = 520FC02A1EE40CFD00BFA961 /* MyPokeDex.xcdatamodeld */; };
		520FC02E1EE40CFD00BFA961 /* Assets.xcassets in Resources */ = {isa = PBXBuildFile; fileRef = 520FC02D1EE40CFD00BFA961 /* Assets.xcassets */; };
		520FC0311EE40CFD00BFA961 /* LaunchScreen.storyboard in Resources */ = {isa = PBXBuildFile; fileRef = 520FC02F1EE40CFD00BFA961 /* LaunchScreen.storyboard */; };
		520FC03C1EE40CFD00BFA961 /* MyPokeDexTests.swift in Sources */ = {isa = PBXBuildFile; fileRef = 520FC03B1EE40CFD00BFA961 /* MyPokeDexTests.swift */; };
		520FC0471EE40CFD00BFA961 /* MyPokeDexUITests.swift in Sources */ = {isa = PBXBuildFile; fileRef = 520FC0461EE40CFD00BFA961 /* MyPokeDexUITests.swift */; };
		520FC0551EE413E200BFA961 /* csv.swift in Sources */ = {isa = PBXBuildFile; fileRef = 520FC0541EE413E200BFA961 /* csv.swift */; };
		520FC0571EE4140400BFA961 /* pokemon.csv in Resources */ = {isa = PBXBuildFile; fileRef = 520FC0561EE4140400BFA961 /* pokemon.csv */; };
		520FC05C1EE4148700BFA961 /* Pokemon.swift in Sources */ = {isa = PBXBuildFile; fileRef = 520FC05B1EE4148700BFA961 /* Pokemon.swift */; };
		520FC05E1EE418DE00BFA961 /* PokeCell.swift in Sources */ = {isa = PBXBuildFile; fileRef = 520FC05D1EE418DE00BFA961 /* PokeCell.swift */; };
/* End PBXBuildFile section */

/* Begin PBXContainerItemProxy section */
		520FC0381EE40CFD00BFA961 /* PBXContainerItemProxy */ = {
			isa = PBXContainerItemProxy;
			containerPortal = 520FC0181EE40CFD00BFA961 /* Project object */;
			proxyType = 1;
			remoteGlobalIDString = 520FC01F1EE40CFD00BFA961;
			remoteInfo = MyPokeDex;
		};
		520FC0431EE40CFD00BFA961 /* PBXContainerItemProxy */ = {
			isa = PBXContainerItemProxy;
			containerPortal = 520FC0181EE40CFD00BFA961 /* Project object */;
			proxyType = 1;
			remoteGlobalIDString = 520FC01F1EE40CFD00BFA961;
			remoteInfo = MyPokeDex;
		};
/* End PBXContainerItemProxy section */

/* Begin PBXFileReference section */
		520FC0201EE40CFD00BFA961 /* MyPokeDex.app */ = {isa = PBXFileReference; explicitFileType = wrapper.application; includeInIndex = 0; path = MyPokeDex.app; sourceTree = BUILT_PRODUCTS_DIR; };
		520FC0231EE40CFD00BFA961 /* AppDelegate.swift */ = {isa = PBXFileReference; lastKnownFileType = sourcecode.swift; path = AppDelegate.swift; sourceTree = "<group>"; };
		520FC0251EE40CFD00BFA961 /* ViewController.swift */ = {isa = PBXFileReference; lastKnownFileType = sourcecode.swift; path = ViewController.swift; sourceTree = "<group>"; };
		520FC0281EE40CFD00BFA961 /* Base */ = {isa = PBXFileReference; lastKnownFileType = file.storyboard; name = Base; path = Base.lproj/Main.storyboard; sourceTree = "<group>"; };
		520FC02B1EE40CFD00BFA961 /* MyPokeDex.xcdatamodel */ = {isa = PBXFileReference; lastKnownFileType = wrapper.xcdatamodel; path = MyPokeDex.xcdatamodel; sourceTree = "<group>"; };
		520FC02D1EE40CFD00BFA961 /* Assets.xcassets */ = {isa = PBXFileReference; lastKnownFileType = folder.assetcatalog; path = Assets.xcassets; sourceTree = "<group>"; };
		520FC0301EE40CFD00BFA961 /* Base */ = {isa = PBXFileReference; lastKnownFileType = file.storyboard; name = Base; path = Base.lproj/LaunchScreen.storyboard; sourceTree = "<group>"; };
		520FC0321EE40CFD00BFA961 /* Info.plist */ = {isa = PBXFileReference; lastKnownFileType = text.plist.xml; path = Info.plist; sourceTree = "<group>"; };
		520FC0371EE40CFD00BFA961 /* MyPokeDexTests.xctest */ = {isa = PBXFileReference; explicitFileType = wrapper.cfbundle; includeInIndex = 0; path = MyPokeDexTests.xctest; sourceTree = BUILT_PRODUCTS_DIR; };
		520FC03B1EE40CFD00BFA961 /* MyPokeDexTests.swift */ = {isa = PBXFileReference; lastKnownFileType = sourcecode.swift; path = MyPokeDexTests.swift; sourceTree = "<group>"; };
		520FC03D1EE40CFD00BFA961 /* Info.plist */ = {isa = PBXFileReference; lastKnownFileType = text.plist.xml; path = Info.plist; sourceTree = "<group>"; };
		520FC0421EE40CFD00BFA961 /* MyPokeDexUITests.xctest */ = {isa = PBXFileReference; explicitFileType = wrapper.cfbundle; includeInIndex = 0; path = MyPokeDexUITests.xctest; sourceTree = BUILT_PRODUCTS_DIR; };
		520FC0461EE40CFD00BFA961 /* MyPokeDexUITests.swift */ = {isa = PBXFileReference; lastKnownFileType = sourcecode.swift; path = MyPokeDexUITests.swift; sourceTree = "<group>"; };
		520FC0481EE40CFD00BFA961 /* Info.plist */ = {isa = PBXFileReference; lastKnownFileType = text.plist.xml; path = Info.plist; sourceTree = "<group>"; };
		520FC0541EE413E200BFA961 /* csv.swift */ = {isa = PBXFileReference; fileEncoding = 4; lastKnownFileType = sourcecode.swift; path = csv.swift; sourceTree = "<group>"; };
		520FC0561EE4140400BFA961 /* pokemon.csv */ = {isa = PBXFileReference; fileEncoding = 4; lastKnownFileType = text; path = pokemon.csv; sourceTree = "<group>"; };
		520FC05B1EE4148700BFA961 /* Pokemon.swift */ = {isa = PBXFileReference; fileEncoding = 4; lastKnownFileType = sourcecode.swift; path = Pokemon.swift; sourceTree = "<group>"; };
		520FC05D1EE418DE00BFA961 /* PokeCell.swift */ = {isa = PBXFileReference; fileEncoding = 4; lastKnownFileType = sourcecode.swift; path = PokeCell.swift; sourceTree = "<group>"; };
/* End PBXFileReference section */

/* Begin PBXFrameworksBuildPhase section */
		520FC01D1EE40CFD00BFA961 /* Frameworks */ = {
			isa = PBXFrameworksBuildPhase;
			buildActionMask = 2147483647;
			files = (
			);
			runOnlyForDeploymentPostprocessing = 0;
		};
		520FC0341EE40CFD00BFA961 /* Frameworks */ = {
			isa = PBXFrameworksBuildPhase;
			buildActionMask = 2147483647;
			files = (
			);
			runOnlyForDeploymentPostprocessing = 0;
		};
		520FC03F1EE40CFD00BFA961 /* Frameworks */ = {
			isa = PBXFrameworksBuildPhase;
			buildActionMask = 2147483647;
			files = (
			);
			runOnlyForDeploymentPostprocessing = 0;
		};
/* End PBXFrameworksBuildPhase section */

/* Begin PBXGroup section */
		520FC0171EE40CFD00BFA961 = {
			isa = PBXGroup;
			children = (
				520FC0221EE40CFD00BFA961 /* MyPokeDex */,
				520FC03A1EE40CFD00BFA961 /* MyPokeDexTests */,
				520FC0451EE40CFD00BFA961 /* MyPokeDexUITests */,
				520FC0211EE40CFD00BFA961 /* Products */,
			);
			sourceTree = "<group>";
		};
		520FC0211EE40CFD00BFA961 /* Products */ = {
			isa = PBXGroup;
			children = (
				520FC0201EE40CFD00BFA961 /* MyPokeDex.app */,
				520FC0371EE40CFD00BFA961 /* MyPokeDexTests.xctest */,
				520FC0421EE40CFD00BFA961 /* MyPokeDexUITests.xctest */,
			);
			name = Products;
			sourceTree = "<group>";
		};
		520FC0221EE40CFD00BFA961 /* MyPokeDex */ = {
			isa = PBXGroup;
			children = (
				520FC05A1EE4147400BFA961 /* view */,
				520FC0561EE4140400BFA961 /* pokemon.csv */,
				520FC0541EE413E200BFA961 /* csv.swift */,
				520FC0231EE40CFD00BFA961 /* AppDelegate.swift */,
				520FC05D1EE418DE00BFA961 /* PokeCell.swift */,
				520FC0251EE40CFD00BFA961 /* ViewController.swift */,
				520FC0271EE40CFD00BFA961 /* Main.storyboard */,
				520FC02D1EE40CFD00BFA961 /* Assets.xcassets */,
				520FC02F1EE40CFD00BFA961 /* LaunchScreen.storyboard */,
				520FC0321EE40CFD00BFA961 /* Info.plist */,
				520FC02A1EE40CFD00BFA961 /* MyPokeDex.xcdatamodeld */,
				520FC05B1EE4148700BFA961 /* Pokemon.swift */,
			);
			path = MyPokeDex;
			sourceTree = "<group>";
		};
		520FC03A1EE40CFD00BFA961 /* MyPokeDexTests */ = {
			isa = PBXGroup;
			children = (
				520FC03B1EE40CFD00BFA961 /* MyPokeDexTests.swift */,
				520FC03D1EE40CFD00BFA961 /* Info.plist */,
			);
			path = MyPokeDexTests;
			sourceTree = "<group>";
		};
		520FC0451EE40CFD00BFA961 /* MyPokeDexUITests */ = {
			isa = PBXGroup;
			children = (
				520FC0461EE40CFD00BFA961 /* MyPokeDexUITests.swift */,
				520FC0481EE40CFD00BFA961 /* Info.plist */,
			);
			path = MyPokeDexUITests;
			sourceTree = "<group>";
		};
		520FC05A1EE4147400BFA961 /* view */ = {
			isa = PBXGroup;
			children = (
			);
			name = view;
			sourceTree = "<group>";
		};
/* End PBXGroup section */

/* Begin PBXNativeTarget section */
		520FC01F1EE40CFD00BFA961 /* MyPokeDex */ = {
			isa = PBXNativeTarget;
			buildConfigurationList = 520FC04B1EE40CFD00BFA961 /* Build configuration list for PBXNativeTarget "MyPokeDex" */;
			buildPhases = (
				520FC01C1EE40CFD00BFA961 /* Sources */,
				520FC01D1EE40CFD00BFA961 /* Frameworks */,
				520FC01E1EE40CFD00BFA961 /* Resources */,
			);
			buildRules = (
			);
			dependencies = (
			);
			name = MyPokeDex;
			productName = MyPokeDex;
			productReference = 520FC0201EE40CFD00BFA961 /* MyPokeDex.app */;
			productType = "com.apple.product-type.application";
		};
		520FC0361EE40CFD00BFA961 /* MyPokeDexTests */ = {
			isa = PBXNativeTarget;
			buildConfigurationList = 520FC04E1EE40CFD00BFA961 /* Build configuration list for PBXNativeTarget "MyPokeDexTests" */;
			buildPhases = (
				520FC0331EE40CFD00BFA961 /* Sources */,
				520FC0341EE40CFD00BFA961 /* Frameworks */,
				520FC0351EE40CFD00BFA961 /* Resources */,
			);
			buildRules = (
			);
			dependencies = (
				520FC0391EE40CFD00BFA961 /* PBXTargetDependency */,
			);
			name = MyPokeDexTests;
			productName = MyPokeDexTests;
			productReference = 520FC0371EE40CFD00BFA961 /* MyPokeDexTests.xctest */;
			productType = "com.apple.product-type.bundle.unit-test";
		};
		520FC0411EE40CFD00BFA961 /* MyPokeDexUITests */ = {
			isa = PBXNativeTarget;
			buildConfigurationList = 520FC0511EE40CFD00BFA961 /* Build configuration list for PBXNativeTarget "MyPokeDexUITests" */;
			buildPhases = (
				520FC03E1EE40CFD00BFA961 /* Sources */,
				520FC03F1EE40CFD00BFA961 /* Frameworks */,
				520FC0401EE40CFD00BFA961 /* Resources */,
			);
			buildRules = (
			);
			dependencies = (
				520FC0441EE40CFD00BFA961 /* PBXTargetDependency */,
			);
			name = MyPokeDexUITests;
			productName = MyPokeDexUITests;
			productReference = 520FC0421EE40CFD00BFA961 /* MyPokeDexUITests.xctest */;
			productType = "com.apple.product-type.bundle.ui-testing";
		};
/* End PBXNativeTarget section */

/* Begin PBXProject section */
		520FC0181EE40CFD00BFA961 /* Project object */ = {
			isa = PBXProject;
			attributes = {
				LastSwiftUpdateCheck = 0830;
				LastUpgradeCheck = 0830;
				ORGANIZATIONNAME = mohammad;
				TargetAttributes = {
					520FC01F1EE40CFD00BFA961 = {
						CreatedOnToolsVersion = 8.3.2;
						DevelopmentTeam = EN8UYVEADN;
						ProvisioningStyle = Automatic;
					};
					520FC0361EE40CFD00BFA961 = {
						CreatedOnToolsVersion = 8.3.2;
						DevelopmentTeam = EN8UYVEADN;
						ProvisioningStyle = Automatic;
						TestTargetID = 520FC01F1EE40CFD00BFA961;
					};
					520FC0411EE40CFD00BFA961 = {
						CreatedOnToolsVersion = 8.3.2;
						DevelopmentTeam = EN8UYVEADN;
						ProvisioningStyle = Automatic;
						TestTargetID = 520FC01F1EE40CFD00BFA961;
					};
				};
			};
			buildConfigurationList = 520FC01B1EE40CFD00BFA961 /* Build configuration list for PBXProject "MyPokeDex" */;
			compatibilityVersion = "Xcode 3.2";
			developmentRegion = English;
			hasScannedForEncodings = 0;
			knownRegions = (
				en,
				Base,
			);
			mainGroup = 520FC0171EE40CFD00BFA961;
			productRefGroup = 520FC0211EE40CFD00BFA961 /* Products */;
			projectDirPath = "";
			projectRoot = "";
			targets = (
				520FC01F1EE40CFD00BFA961 /* MyPokeDex */,
				520FC0361EE40CFD00BFA961 /* MyPokeDexTests */,
				520FC0411EE40CFD00BFA961 /* MyPokeDexUITests */,
			);
		};
/* End PBXProject section */

/* Begin PBXResourcesBuildPhase section */
		520FC01E1EE40CFD00BFA961 /* Resources */ = {
			isa = PBXResourcesBuildPhase;
			buildActionMask = 2147483647;
			files = (
				520FC0311EE40CFD00BFA961 /* LaunchScreen.storyboard in Resources */,
				520FC02E1EE40CFD00BFA961 /* Assets.xcassets in Resources */,
				520FC0571EE4140400BFA961 /* pokemon.csv in Resources */,
				520FC0291EE40CFD00BFA961 /* Main.storyboard in Resources */,
			);
			runOnlyForDeploymentPostprocessing = 0;
		};
		520FC0351EE40CFD00BFA961 /* Resources */ = {
			isa = PBXResourcesBuildPhase;
			buildActionMask = 2147483647;
			files = (
			);
			runOnlyForDeploymentPostprocessing = 0;
		};
		520FC0401EE40CFD00BFA961 /* Resources */ = {
			isa = PBXResourcesBuildPhase;
			buildActionMask = 2147483647;
			files = (
			);
			runOnlyForDeploymentPostprocessing = 0;
		};
/* End PBXResourcesBuildPhase section */

/* Begin PBXSourcesBuildPhase section */
		520FC01C1EE40CFD00BFA961 /* Sources */ = {
			isa = PBXSourcesBuildPhase;
			buildActionMask = 2147483647;
			files = (
				520FC05E1EE418DE00BFA961 /* PokeCell.swift in Sources */,
				520FC05C1EE4148700BFA961 /* Pokemon.swift in Sources */,
				520FC0551EE413E200BFA961 /* csv.swift in Sources */,
				520FC02C1EE40CFD00BFA961 /* MyPokeDex.xcdatamodeld in Sources */,
				520FC0261EE40CFD00BFA961 /* ViewController.swift in Sources */,
				520FC0241EE40CFD00BFA961 /* AppDelegate.swift in Sources */,
			);
			runOnlyForDeploymentPostprocessing = 0;
		};
		520FC0331EE40CFD00BFA961 /* Sources */ = {
			isa = PBXSourcesBuildPhase;
			buildActionMask = 2147483647;
			files = (
				520FC03C1EE40CFD00BFA961 /* MyPokeDexTests.swift in Sources */,
			);
			runOnlyForDeploymentPostprocessing = 0;
		};
		520FC03E1EE40CFD00BFA961 /* Sources */ = {
			isa = PBXSourcesBuildPhase;
			buildActionMask = 2147483647;
			files = (
				520FC0471EE40CFD00BFA961 /* MyPokeDexUITests.swift in Sources */,
			);
			runOnlyForDeploymentPostprocessing = 0;
		};
/* End PBXSourcesBuildPhase section */

/* Begin PBXTargetDependency section */
		520FC0391EE40CFD00BFA961 /* PBXTargetDependency */ = {
			isa = PBXTargetDependency;
			target = 520FC01F1EE40CFD00BFA961 /* MyPokeDex */;
			targetProxy = 520FC0381EE40CFD00BFA961 /* PBXContainerItemProxy */;
		};
		520FC0441EE40CFD00BFA961 /* PBXTargetDependency */ = {
			isa = PBXTargetDependency;
			target = 520FC01F1EE40CFD00BFA961 /* MyPokeDex */;
			targetProxy = 520FC0431EE40CFD00BFA961 /* PBXContainerItemProxy */;
		};
/* End PBXTargetDependency section */

/* Begin PBXVariantGroup section */
		520FC0271EE40CFD00BFA961 /* Main.storyboard */ = {
			isa = PBXVariantGroup;
			children = (
				520FC0281EE40CFD00BFA961 /* Base */,
			);
			name = Main.storyboard;
			sourceTree = "<group>";
		};
		520FC02F1EE40CFD00BFA961 /* LaunchScreen.storyboard */ = {
			isa = PBXVariantGroup;
			children = (
				520FC0301EE40CFD00BFA961 /* Base */,
			);
			name = LaunchScreen.storyboard;
			sourceTree = "<group>";
		};
/* End PBXVariantGroup section */

/* Begin XCBuildConfiguration section */
		520FC0491EE40CFD00BFA961 /* Debug */ = {
			isa = XCBuildConfiguration;
			buildSettings = {
				ALWAYS_SEARCH_USER_PATHS = NO;
				CLANG_ANALYZER_NONNULL = YES;
				CLANG_ANALYZER_NUMBER_OBJECT_CONVERSION = YES_AGGRESSIVE;
				CLANG_CXX_LANGUAGE_STANDARD = "gnu++0x";
				CLANG_CXX_LIBRARY = "libc++";
				CLANG_ENABLE_MODULES = YES;
				CLANG_ENABLE_OBJC_ARC = YES;
				CLANG_WARN_BOOL_CONVERSION = YES;
				CLANG_WARN_CONSTANT_CONVERSION = YES;
				CLANG_WARN_DIRECT_OBJC_ISA_USAGE = YES_ERROR;
				CLANG_WARN_DOCUMENTATION_COMMENTS = YES;
				CLANG_WARN_EMPTY_BODY = YES;
				CLANG_WARN_ENUM_CONVERSION = YES;
				CLANG_WARN_INFINITE_RECURSION = YES;
				CLANG_WARN_INT_CONVERSION = YES;
				CLANG_WARN_OBJC_ROOT_CLASS = YES_ERROR;
				CLANG_WARN_SUSPICIOUS_MOVE = YES;
				CLANG_WARN_UNREACHABLE_CODE = YES;
				CLANG_WARN__DUPLICATE_METHOD_MATCH = YES;
				"CODE_SIGN_IDENTITY[sdk=iphoneos*]" = "iPhone Developer";
				COPY_PHASE_STRIP = NO;
				DEBUG_INFORMATION_FORMAT = dwarf;
				ENABLE_STRICT_OBJC_MSGSEND = YES;
				ENABLE_TESTABILITY = YES;
				GCC_C_LANGUAGE_STANDARD = gnu99;
				GCC_DYNAMIC_NO_PIC = NO;
				GCC_NO_COMMON_BLOCKS = YES;
				GCC_OPTIMIZATION_LEVEL = 0;
				GCC_PREPROCESSOR_DEFINITIONS = (
					"DEBUG=1",
					"$(inherited)",
				);
				GCC_WARN_64_TO_32_BIT_CONVERSION = YES;
				GCC_WARN_ABOUT_RETURN_TYPE = YES_ERROR;
				GCC_WARN_UNDECLARED_SELECTOR = YES;
				GCC_WARN_UNINITIALIZED_AUTOS = YES_AGGRESSIVE;
				GCC_WARN_UNUSED_FUNCTION = YES;
				GCC_WARN_UNUSED_VARIABLE = YES;
				IPHONEOS_DEPLOYMENT_TARGET = 10.3;
				MTL_ENABLE_DEBUG_INFO = YES;
				ONLY_ACTIVE_ARCH = YES;
				SDKROOT = iphoneos;
				SWIFT_ACTIVE_COMPILATION_CONDITIONS = DEBUG;
				SWIFT_OPTIMIZATION_LEVEL = "-Onone";
				TARGETED_DEVICE_FAMILY = "1,2";
			};
			name = Debug;
		};
		520FC04A1EE40CFD00BFA961 /* Release */ = {
			isa = XCBuildConfiguration;
			buildSettings = {
				ALWAYS_SEARCH_USER_PATHS = NO;
				CLANG_ANALYZER_NONNULL = YES;
				CLANG_ANALYZER_NUMBER_OBJECT_CONVERSION = YES_AGGRESSIVE;
				CLANG_CXX_LANGUAGE_STANDARD = "gnu++0x";
				CLANG_CXX_LIBRARY = "libc++";
				CLANG_ENABLE_MODULES = YES;
				CLANG_ENABLE_OBJC_ARC = YES;
				CLANG_WARN_BOOL_CONVERSION = YES;
				CLANG_WARN_CONSTANT_CONVERSION = YES;
				CLANG_WARN_DIRECT_OBJC_ISA_USAGE = YES_ERROR;
				CLANG_WARN_DOCUMENTATION_COMMENTS = YES;
				CLANG_WARN_EMPTY_BODY = YES;
				CLANG_WARN_ENUM_CONVERSION = YES;
				CLANG_WARN_INFINITE_RECURSION = YES;
				CLANG_WARN_INT_CONVERSION = YES;
				CLANG_WARN_OBJC_ROOT_CLASS = YES_ERROR;
				CLANG_WARN_SUSPICIOUS_MOVE = YES;
				CLANG_WARN_UNREACHABLE_CODE = YES;
				CLANG_WARN__DUPLICATE_METHOD_MATCH = YES;
				"CODE_SIGN_IDENTITY[sdk=iphoneos*]" = "iPhone Developer";
				COPY_PHASE_STRIP = NO;
				DEBUG_INFORMATION_FORMAT = "dwarf-with-dsym";
				ENABLE_NS_ASSERTIONS = NO;
				ENABLE_STRICT_OBJC_MSGSEND = YES;
				GCC_C_LANGUAGE_STANDARD = gnu99;
				GCC_NO_COMMON_BLOCKS = YES;
				GCC_WARN_64_TO_32_BIT_CONVERSION = YES;
				GCC_WARN_ABOUT_RETURN_TYPE = YES_ERROR;
				GCC_WARN_UNDECLARED_SELECTOR = YES;
				GCC_WARN_UNINITIALIZED_AUTOS = YES_AGGRESSIVE;
				GCC_WARN_UNUSED_FUNCTION = YES;
				GCC_WARN_UNUSED_VARIABLE = YES;
				IPHONEOS_DEPLOYMENT_TARGET = 10.3;
				MTL_ENABLE_DEBUG_INFO = NO;
				SDKROOT = iphoneos;
				SWIFT_OPTIMIZATION_LEVEL = "-Owholemodule";
				TARGETED_DEVICE_FAMILY = "1,2";
				VALIDATE_PRODUCT = YES;
			};
			name = Release;
		};
		520FC04C1EE40CFD00BFA961 /* Debug */ = {
			isa = XCBuildConfiguration;
			buildSettings = {
				ASSETCATALOG_COMPILER_APPICON_NAME = AppIcon;
				DEVELOPMENT_TEAM = EN8UYVEADN;
				INFOPLIST_FILE = MyPokeDex/Info.plist;
				LD_RUNPATH_SEARCH_PATHS = "$(inherited) @executable_path/Frameworks";
				PRODUCT_BUNDLE_IDENTIFIER = com.mohammad.MyPokeDex;
				PRODUCT_NAME = "$(TARGET_NAME)";
				SWIFT_VERSION = 3.0;
			};
			name = Debug;
		};
		520FC04D1EE40CFD00BFA961 /* Release */ = {
			isa = XCBuildConfiguration;
			buildSettings = {
				ASSETCATALOG_COMPILER_APPICON_NAME = AppIcon;
				DEVELOPMENT_TEAM = EN8UYVEADN;
				INFOPLIST_FILE = MyPokeDex/Info.plist;
				LD_RUNPATH_SEARCH_PATHS = "$(inherited) @executable_path/Frameworks";
				PRODUCT_BUNDLE_IDENTIFIER = com.mohammad.MyPokeDex;
				PRODUCT_NAME = "$(TARGET_NAME)";
				SWIFT_VERSION = 3.0;
			};
			name = Release;
		};
		520FC04F1EE40CFD00BFA961 /* Debug */ = {
			isa = XCBuildConfiguration;
			buildSettings = {
				ALWAYS_EMBED_SWIFT_STANDARD_LIBRARIES = YES;
				BUNDLE_LOADER = "$(TEST_HOST)";
				DEVELOPMENT_TEAM = EN8UYVEADN;
				INFOPLIST_FILE = MyPokeDexTests/Info.plist;
				LD_RUNPATH_SEARCH_PATHS = "$(inherited) @executable_path/Frameworks @loader_path/Frameworks";
				PRODUCT_BUNDLE_IDENTIFIER = com.mohammad.MyPokeDexTests;
				PRODUCT_NAME = "$(TARGET_NAME)";
				SWIFT_VERSION = 3.0;
				TEST_HOST = "$(BUILT_PRODUCTS_DIR)/MyPokeDex.app/MyPokeDex";
			};
			name = Debug;
		};
		520FC0501EE40CFD00BFA961 /* Release */ = {
			isa = XCBuildConfiguration;
			buildSettings = {
				ALWAYS_EMBED_SWIFT_STANDARD_LIBRARIES = YES;
				BUNDLE_LOADER = "$(TEST_HOST)";
				DEVELOPMENT_TEAM = EN8UYVEADN;
				INFOPLIST_FILE = MyPokeDexTests/Info.plist;
				LD_RUNPATH_SEARCH_PATHS = "$(inherited) @executable_path/Frameworks @loader_path/Frameworks";
				PRODUCT_BUNDLE_IDENTIFIER = com.mohammad.MyPokeDexTests;
				PRODUCT_NAME = "$(TARGET_NAME)";
				SWIFT_VERSION = 3.0;
				TEST_HOST = "$(BUILT_PRODUCTS_DIR)/MyPokeDex.app/MyPokeDex";
			};
			name = Release;
		};
		520FC0521EE40CFD00BFA961 /* Debug */ = {
			isa = XCBuildConfiguration;
			buildSettings = {
				ALWAYS_EMBED_SWIFT_STANDARD_LIBRARIES = YES;
				DEVELOPMENT_TEAM = EN8UYVEADN;
				INFOPLIST_FILE = MyPokeDexUITests/Info.plist;
				LD_RUNPATH_SEARCH_PATHS = "$(inherited) @executable_path/Frameworks @loader_path/Frameworks";
				PRODUCT_BUNDLE_IDENTIFIER = com.mohammad.MyPokeDexUITests;
				PRODUCT_NAME = "$(TARGET_NAME)";
				SWIFT_VERSION = 3.0;
				TEST_TARGET_NAME = MyPokeDex;
			};
			name = Debug;
		};
		520FC0531EE40CFD00BFA961 /* Release */ = {
			isa = XCBuildConfiguration;
			buildSettings = {
				ALWAYS_EMBED_SWIFT_STANDARD_LIBRARIES = YES;
				DEVELOPMENT_TEAM = EN8UYVEADN;
				INFOPLIST_FILE = MyPokeDexUITests/Info.plist;
				LD_RUNPATH_SEARCH_PATHS = "$(inherited) @executable_path/Frameworks @loader_path/Frameworks";
				PRODUCT_BUNDLE_IDENTIFIER = com.mohammad.MyPokeDexUITests;
				PRODUCT_NAME = "$(TARGET_NAME)";
				SWIFT_VERSION = 3.0;
				TEST_TARGET_NAME = MyPokeDex;
			};
			name = Release;
		};
/* End XCBuildConfiguration section */

/* Begin XCConfigurationList section */
		520FC01B1EE40CFD00BFA961 /* Build configuration list for PBXProject "MyPokeDex" */ = {
			isa = XCConfigurationList;
			buildConfigurations = (
				520FC0491EE40CFD00BFA961 /* Debug */,
				520FC04A1EE40CFD00BFA961 /* Release */,
			);
			defaultConfigurationIsVisible = 0;
			defaultConfigurationName = Release;
		};
		520FC04B1EE40CFD00BFA961 /* Build configuration list for PBXNativeTarget "MyPokeDex" */ = {
			isa = XCConfigurationList;
			buildConfigurations = (
				520FC04C1EE40CFD00BFA961 /* Debug */,
				520FC04D1EE40CFD00BFA961 /* Release */,
			);
			defaultConfigurationIsVisible = 0;
		};
		520FC04E1EE40CFD00BFA961 /* Build configuration list for PBXNativeTarget "MyPokeDexTests" */ = {
			isa = XCConfigurationList;
			buildConfigurations = (
				520FC04F1EE40CFD00BFA961 /* Debug */,
				520FC0501EE40CFD00BFA961 /* Release */,
			);
			defaultConfigurationIsVisible = 0;
		};
		520FC0511EE40CFD00BFA961 /* Build configuration list for PBXNativeTarget "MyPokeDexUITests" */ = {
			isa = XCConfigurationList;
			buildConfigurations = (
				520FC0521EE40CFD00BFA961 /* Debug */,
				520FC0531EE40CFD00BFA961 /* Release */,
			);
			defaultConfigurationIsVisible = 0;
		};
/* End XCConfigurationList section */

/* Begin XCVersionGroup section */
		520FC02A1EE40CFD00BFA961 /* MyPokeDex.xcdatamodeld */ = {
			isa = XCVersionGroup;
			children = (
				520FC02B1EE40CFD00BFA961 /* MyPokeDex.xcdatamodel */,
			);
			currentVersion = 520FC02B1EE40CFD00BFA961 /* MyPokeDex.xcdatamodel */;
			path = MyPokeDex.xcdatamodeld;
			sourceTree = "<group>";
			versionGroupType = wrapper.xcdatamodel;
		};
/* End XCVersionGroup section */
	};
	rootObject = 520FC0181EE40CFD00BFA961 /* Project object */;
}
